
Microsoft Visual Studio Solution File, Format Version 12.00
# Visual Studio Version 16
VisualStudioVersion = 16.0.29806.167
MinimumVisualStudioVersion = 10.0.40219.1
Project("{9A19103F-16F7-4668-BE54-9A1E7A4F7556}") = "SquidLib", "SquidLib\SquidLib.csproj", "{36CAD530-7978-4065-B1A5-378C933CE3EA}"
EndProject
Project("{FAE04EC0-301F-11D3-BF4B-00C04F79EFBC}") = "Demo", "Demo\Demo.csproj", "{57EBE4CB-93E0-47FF-8FA0-52A729709783}"
EndProject
Global
	GlobalSection(SolutionConfigurationPlatforms) = preSolution
		Debug|Any CPU = Debug|Any CPU
		Debug|x64 = Debug|x64
		Demo Debug|Any CPU = Demo Debug|Any CPU
		Demo Debug|x64 = Demo Debug|x64
		Demo Release|Any CPU = Demo Release|Any CPU
		Demo Release|x64 = Demo Release|x64
		Release|Any CPU = Release|Any CPU
		Release|x64 = Release|x64
	EndGlobalSection
	GlobalSection(ProjectConfigurationPlatforms) = postSolution
		{36CAD530-7978-4065-B1A5-378C933CE3EA}.Debug|Any CPU.ActiveCfg = Debug|Any CPU
		{36CAD530-7978-4065-B1A5-378C933CE3EA}.Debug|Any CPU.Build.0 = Debug|Any CPU
		{36CAD530-7978-4065-B1A5-378C933CE3EA}.Debug|x64.ActiveCfg = Debug|Any CPU
		{36CAD530-7978-4065-B1A5-378C933CE3EA}.Debug|x64.Build.0 = Debug|Any CPU
		{36CAD530-7978-4065-B1A5-378C933CE3EA}.Demo Debug|Any CPU.ActiveCfg = Debug|Any CPU
		{36CAD530-7978-4065-B1A5-378C933CE3EA}.Demo Debug|Any CPU.Build.0 = Debug|Any CPU
		{36CAD530-7978-4065-B1A5-378C933CE3EA}.Demo Debug|x64.ActiveCfg = Debug|Any CPU
		{36CAD530-7978-4065-B1A5-378C933CE3EA}.Demo Debug|x64.Build.0 = Debug|Any CPU
		{36CAD530-7978-4065-B1A5-378C933CE3EA}.Demo Release|Any CPU.ActiveCfg = Release|Any CPU
		{36CAD530-7978-4065-B1A5-378C933CE3EA}.Demo Release|Any CPU.Build.0 = Release|Any CPU
		{36CAD530-7978-4065-B1A5-378C933CE3EA}.Demo Release|x64.ActiveCfg = Demo Release|Any CPU
		{36CAD530-7978-4065-B1A5-378C933CE3EA}.Demo Release|x64.Build.0 = Demo Release|Any CPU
		{36CAD530-7978-4065-B1A5-378C933CE3EA}.Release|Any CPU.ActiveCfg = Release|Any CPU
		{36CAD530-7978-4065-B1A5-378C933CE3EA}.Release|Any CPU.Build.0 = Release|Any CPU
		{36CAD530-7978-4065-B1A5-378C933CE3EA}.Release|x64.ActiveCfg = Release|Any CPU
		{36CAD530-7978-4065-B1A5-378C933CE3EA}.Release|x64.Build.0 = Release|Any CPU
		{57EBE4CB-93E0-47FF-8FA0-52A729709783}.Debug|Any CPU.ActiveCfg = Debug|x64
		{57EBE4CB-93E0-47FF-8FA0-52A729709783}.Debug|x64.ActiveCfg = Debug|x64
		{57EBE4CB-93E0-47FF-8FA0-52A729709783}.Debug|x64.Build.0 = Debug|x64
		{57EBE4CB-93E0-47FF-8FA0-52A729709783}.Demo Debug|Any CPU.ActiveCfg = Debug|x64
		{57EBE4CB-93E0-47FF-8FA0-52A729709783}.Demo Debug|Any CPU.Build.0 = Debug|x64
		{57EBE4CB-93E0-47FF-8FA0-52A729709783}.Demo Debug|x64.ActiveCfg = Debug|x64
		{57EBE4CB-93E0-47FF-8FA0-52A729709783}.Demo Debug|x64.Build.0 = Debug|x64
		{57EBE4CB-93E0-47FF-8FA0-52A729709783}.Demo Release|Any CPU.ActiveCfg = Release|x64
		{57EBE4CB-93E0-47FF-8FA0-52A729709783}.Demo Release|Any CPU.Build.0 = Release|x64
		{57EBE4CB-93E0-47FF-8FA0-52A729709783}.Demo Release|x64.ActiveCfg = Release|x64
		{57EBE4CB-93E0-47FF-8FA0-52A729709783}.Demo Release|x64.Build.0 = Release|x64
		{57EBE4CB-93E0-47FF-8FA0-52A729709783}.Release|Any CPU.ActiveCfg = Release|x64
		{57EBE4CB-93E0-47FF-8FA0-52A729709783}.Release|x64.ActiveCfg = Release|x64
		{57EBE4CB-93E0-47FF-8FA0-52A729709783}.Release|x64.Build.0 = Release|x64
	EndGlobalSection
	GlobalSection(SolutionProperties) = preSolution
		HideSolutionNode = FALSE
	EndGlobalSection
	GlobalSection(ExtensibilityGlobals) = postSolution
		SolutionGuid = {5DE11A57-1D70-476A-AA5D-BF198033A8DF}
	EndGlobalSection
EndGlobal
